
Microsoft Visual Studio Solution File, Format Version 12.00
# Visual Studio Version 17
VisualStudioVersion = 17.13.35919.96 d17.13
MinimumVisualStudioVersion = 10.0.40219.1
Project("{FAE04EC0-301F-11D3-BF4B-00C04F79EFBC}") = "MC01_0001", "MC01_0001\MC01_0001.csproj", "{5F80CB8D-A395-4A0E-97A3-5466BA940CF0}"
EndProject
Global
	GlobalSection(SolutionConfigurationPlatforms) = preSolution
		Debug|Any CPU = Debug|Any CPU
		Release|Any CPU = Release|Any CPU
	EndGlobalSection
	GlobalSection(ProjectConfigurationPlatforms) = postSolution
		{5F80CB8D-A395-4A0E-97A3-5466BA940CF0}.Debug|Any CPU.ActiveCfg = Debug|Any CPU
		{5F80CB8D-A395-4A0E-97A3-5466BA940CF0}.Debug|Any CPU.Build.0 = Debug|Any CPU
		{5F80CB8D-A395-4A0E-97A3-5466BA940CF0}.Release|Any CPU.ActiveCfg = Release|Any CPU
		{5F80CB8D-A395-4A0E-97A3-5466BA940CF0}.Release|Any CPU.Build.0 = Release|Any CPU
	EndGlobalSection
	GlobalSection(SolutionProperties) = preSolution
		HideSolutionNode = FALSE
	EndGlobalSection
	GlobalSection(ExtensibilityGlobals) = postSolution
		SolutionGuid = {9DBB0B5C-B308-443A-B45F-9ACB08CAEF54}
	EndGlobalSection
EndGlobal
